
Microsoft Visual Studio Solution File, Format Version 12.00
Project("{FAE04EC0-301F-11D3-BF4B-00C04F79EFBC}") = "convertDegRad", "convertDegRad\convertDegRad.csproj", "{DAD9B17C-5B78-4A82-A9C5-9F9B9F0DB138}"
EndProject
Project("{FAE04EC0-301F-11D3-BF4B-00C04F79EFBC}") = "printNestedLoop", "printNestedLoop\printNestedLoop.csproj", "{81DF44CC-415C-4B03-90A4-9B56FC3C68AC}"
EndProject
Global
	GlobalSection(SolutionConfigurationPlatforms) = preSolution
		Debug|Any CPU = Debug|Any CPU
		Release|Any CPU = Release|Any CPU
	EndGlobalSection
	GlobalSection(ProjectConfigurationPlatforms) = postSolution
		{DAD9B17C-5B78-4A82-A9C5-9F9B9F0DB138}.Debug|Any CPU.ActiveCfg = Debug|Any CPU
		{DAD9B17C-5B78-4A82-A9C5-9F9B9F0DB138}.Debug|Any CPU.Build.0 = Debug|Any CPU
		{DAD9B17C-5B78-4A82-A9C5-9F9B9F0DB138}.Release|Any CPU.ActiveCfg = Release|Any CPU
		{DAD9B17C-5B78-4A82-A9C5-9F9B9F0DB138}.Release|Any CPU.Build.0 = Release|Any CPU
		{81DF44CC-415C-4B03-90A4-9B56FC3C68AC}.Debug|Any CPU.ActiveCfg = Debug|Any CPU
		{81DF44CC-415C-4B03-90A4-9B56FC3C68AC}.Debug|Any CPU.Build.0 = Debug|Any CPU
		{81DF44CC-415C-4B03-90A4-9B56FC3C68AC}.Release|Any CPU.ActiveCfg = Release|Any CPU
		{81DF44CC-415C-4B03-90A4-9B56FC3C68AC}.Release|Any CPU.Build.0 = Release|Any CPU
	EndGlobalSection
EndGlobal
