
Microsoft Visual Studio Solution File, Format Version 12.00
Project("{FAE04EC0-301F-11D3-BF4B-00C04F79EFBC}") = "printNestedLoop", "printNestedLoop\printNestedLoop.csproj", "{F767272D-13DF-44B8-9C57-EBF91ECA595B}"
EndProject
Project("{2150E333-8FDC-42A3-9474-1A3956D46DE8}") = "Lecture1", "Lecture1", "{FF201459-C27A-4FC3-8AA0-D40461EA4EE1}"
EndProject
Project("{2150E333-8FDC-42A3-9474-1A3956D46DE8}") = "Lecture2", "Lecture2", "{13B0BF29-F08C-41E3-9388-E67D8F67368F}"
EndProject
Project("{FAE04EC0-301F-11D3-BF4B-00C04F79EFBC}") = "EmployeeSalary", "EmployeeSalary\EmployeeSalary.csproj", "{5070979F-77D8-4260-9556-26D76B1DD357}"
EndProject
Project("{FAE04EC0-301F-11D3-BF4B-00C04F79EFBC}") = "ParkingMeter", "ParkingMeter\ParkingMeter.csproj", "{1566610C-6B28-405F-84C3-CC6BD13E4B73}"
EndProject
Project("{FAE04EC0-301F-11D3-BF4B-00C04F79EFBC}") = "BankAccount", "BankAccount\BankAccount.csproj", "{537597D3-6377-4078-8E2C-F1B588A75935}"
EndProject
Project("{2150E333-8FDC-42A3-9474-1A3956D46DE8}") = "Lecture3", "Lecture3", "{4CF18B19-9007-42DA-9664-9A6F1FC5A4C7}"
EndProject
Project("{FAE04EC0-301F-11D3-BF4B-00C04F79EFBC}") = "InterfaceCar", "InterfaceCar\InterfaceCar.csproj", "{F720A5F7-5795-49A8-B05C-51C38F861900}"
EndProject
Project("{2150E333-8FDC-42A3-9474-1A3956D46DE8}") = "Lecture5", "Lecture5", "{AC90B2AC-842F-4CA4-A9BF-4449817CAFE5}"
EndProject
Project("{FAE04EC0-301F-11D3-BF4B-00C04F79EFBC}") = "ExceptionHandlingIntegerInput", "Lecture5\ExceptionHandlingIntegerInput\ExceptionHandlingIntegerInput.csproj", "{227B6C04-465F-411F-9983-5782E1CD96F6}"
EndProject
Project("{FAE04EC0-301F-11D3-BF4B-00C04F79EFBC}") = "BankAccountNonnegativeBalance", "Lecture5\BankAccountNonnegativeBalance\BankAccountNonnegativeBalance.csproj", "{CDA30889-C2A8-4A93-8215-2DBC84C52D66}"
EndProject
Global
	GlobalSection(SolutionConfigurationPlatforms) = preSolution
		Debug|Any CPU = Debug|Any CPU
		Release|Any CPU = Release|Any CPU
	EndGlobalSection
	GlobalSection(ProjectConfigurationPlatforms) = postSolution
		{F767272D-13DF-44B8-9C57-EBF91ECA595B}.Debug|Any CPU.ActiveCfg = Debug|Any CPU
		{F767272D-13DF-44B8-9C57-EBF91ECA595B}.Debug|Any CPU.Build.0 = Debug|Any CPU
		{F767272D-13DF-44B8-9C57-EBF91ECA595B}.Release|Any CPU.ActiveCfg = Release|Any CPU
		{F767272D-13DF-44B8-9C57-EBF91ECA595B}.Release|Any CPU.Build.0 = Release|Any CPU
		{5070979F-77D8-4260-9556-26D76B1DD357}.Debug|Any CPU.ActiveCfg = Debug|Any CPU
		{5070979F-77D8-4260-9556-26D76B1DD357}.Debug|Any CPU.Build.0 = Debug|Any CPU
		{5070979F-77D8-4260-9556-26D76B1DD357}.Release|Any CPU.ActiveCfg = Release|Any CPU
		{5070979F-77D8-4260-9556-26D76B1DD357}.Release|Any CPU.Build.0 = Release|Any CPU
		{1566610C-6B28-405F-84C3-CC6BD13E4B73}.Debug|Any CPU.ActiveCfg = Debug|Any CPU
		{1566610C-6B28-405F-84C3-CC6BD13E4B73}.Debug|Any CPU.Build.0 = Debug|Any CPU
		{1566610C-6B28-405F-84C3-CC6BD13E4B73}.Release|Any CPU.ActiveCfg = Release|Any CPU
		{1566610C-6B28-405F-84C3-CC6BD13E4B73}.Release|Any CPU.Build.0 = Release|Any CPU
		{537597D3-6377-4078-8E2C-F1B588A75935}.Debug|Any CPU.ActiveCfg = Debug|Any CPU
		{537597D3-6377-4078-8E2C-F1B588A75935}.Debug|Any CPU.Build.0 = Debug|Any CPU
		{537597D3-6377-4078-8E2C-F1B588A75935}.Release|Any CPU.ActiveCfg = Release|Any CPU
		{537597D3-6377-4078-8E2C-F1B588A75935}.Release|Any CPU.Build.0 = Release|Any CPU
		{F720A5F7-5795-49A8-B05C-51C38F861900}.Debug|Any CPU.ActiveCfg = Debug|Any CPU
		{F720A5F7-5795-49A8-B05C-51C38F861900}.Debug|Any CPU.Build.0 = Debug|Any CPU
		{F720A5F7-5795-49A8-B05C-51C38F861900}.Release|Any CPU.ActiveCfg = Release|Any CPU
		{F720A5F7-5795-49A8-B05C-51C38F861900}.Release|Any CPU.Build.0 = Release|Any CPU
		{227B6C04-465F-411F-9983-5782E1CD96F6}.Debug|Any CPU.ActiveCfg = Debug|Any CPU
		{227B6C04-465F-411F-9983-5782E1CD96F6}.Debug|Any CPU.Build.0 = Debug|Any CPU
		{227B6C04-465F-411F-9983-5782E1CD96F6}.Release|Any CPU.ActiveCfg = Release|Any CPU
		{227B6C04-465F-411F-9983-5782E1CD96F6}.Release|Any CPU.Build.0 = Release|Any CPU
		{CDA30889-C2A8-4A93-8215-2DBC84C52D66}.Debug|Any CPU.ActiveCfg = Debug|Any CPU
		{CDA30889-C2A8-4A93-8215-2DBC84C52D66}.Debug|Any CPU.Build.0 = Debug|Any CPU
		{CDA30889-C2A8-4A93-8215-2DBC84C52D66}.Release|Any CPU.ActiveCfg = Release|Any CPU
		{CDA30889-C2A8-4A93-8215-2DBC84C52D66}.Release|Any CPU.Build.0 = Release|Any CPU
	EndGlobalSection
	GlobalSection(NestedProjects) = preSolution
		{F767272D-13DF-44B8-9C57-EBF91ECA595B} = {FF201459-C27A-4FC3-8AA0-D40461EA4EE1}
		{5070979F-77D8-4260-9556-26D76B1DD357} = {13B0BF29-F08C-41E3-9388-E67D8F67368F}
		{1566610C-6B28-405F-84C3-CC6BD13E4B73} = {13B0BF29-F08C-41E3-9388-E67D8F67368F}
		{537597D3-6377-4078-8E2C-F1B588A75935} = {13B0BF29-F08C-41E3-9388-E67D8F67368F}
		{F720A5F7-5795-49A8-B05C-51C38F861900} = {4CF18B19-9007-42DA-9664-9A6F1FC5A4C7}
		{227B6C04-465F-411F-9983-5782E1CD96F6} = {AC90B2AC-842F-4CA4-A9BF-4449817CAFE5}
		{CDA30889-C2A8-4A93-8215-2DBC84C52D66} = {AC90B2AC-842F-4CA4-A9BF-4449817CAFE5}
	EndGlobalSection
EndGlobal
